
Microsoft Visual Studio Solution File, Format Version 12.00
# Visual Studio Version 16
VisualStudioVersion = 16.0.31025.194
MinimumVisualStudioVersion = 10.0.40219.1
Project("{FAE04EC0-301F-11D3-BF4B-00C04F79EFBC}") = "LT_TCS_CRUD", "LT_TCS_CRUD\LT_TCS_CRUD.csproj", "{50EACDF3-51DD-43D1-9A36-8296AF364492}"
EndProject
Global
	GlobalSection(SolutionConfigurationPlatforms) = preSolution
		Debug|Any CPU = Debug|Any CPU
		Release|Any CPU = Release|Any CPU
	EndGlobalSection
	GlobalSection(ProjectConfigurationPlatforms) = postSolution
		{50EACDF3-51DD-43D1-9A36-8296AF364492}.Debug|Any CPU.ActiveCfg = Debug|Any CPU
		{50EACDF3-51DD-43D1-9A36-8296AF364492}.Debug|Any CPU.Build.0 = Debug|Any CPU
		{50EACDF3-51DD-43D1-9A36-8296AF364492}.Release|Any CPU.ActiveCfg = Release|Any CPU
		{50EACDF3-51DD-43D1-9A36-8296AF364492}.Release|Any CPU.Build.0 = Release|Any CPU
	EndGlobalSection
	GlobalSection(SolutionProperties) = preSolution
		HideSolutionNode = FALSE
	EndGlobalSection
	GlobalSection(ExtensibilityGlobals) = postSolution
		SolutionGuid = {C3DC57FE-DDF4-45A7-8AC6-8521DEB6D7A5}
	EndGlobalSection
EndGlobal
